{
  "name": "generativist-pi",
  "version": "0.2.0",
  "lockfileVersion": 3,
  "requires": true,
  "packages": {
    "": {
      "name": "generativist-pi",
      "version": "0.2.0",
      "bundleDependencies": [
        "@juicesharp/rpiv-ask-user-question",
        "pi-powerline-footer",
        "pi-simplify",
        "pi-subagents",
        "pi-web-access"
      ],
      "license": "UNLICENSED",
      "dependencies": {
        "@juicesharp/rpiv-ask-user-question": "1.20.0",
        "pi-powerline-footer": "0.6.1",
        "pi-simplify": "0.2.2",
        "pi-subagents": "0.28.0",
        "pi-web-access": "0.10.7"
      }
    },
    "node_modules/@earendil-works/pi-tui": {
      "version": "0.74.2",
      "resolved": "https://registry.npmjs.org/@earendil-works/pi-tui/-/pi-tui-0.74.2.tgz",
      "integrity": "sha512-valQPz74qbdydRqII6t9rJ46YANMOOJeDhKm25a1ZrWvWwdjAaAEu6s3ur/LWz84Wkkwcbub2ZkVjzCZi8gFGA==",
      "inBundle": true,
      "license": "MIT",
      "dependencies": {
        "get-east-asian-width": "^1.3.0",
        "marked": "^15.0.12"
      },
      "engines": {
        "node": ">=20.0.0"
      },
      "optionalDependencies": {
        "koffi": "^2.9.0"
      }
    },
    "node_modules/@juicesharp/rpiv-ask-user-question": {
      "version": "1.20.0",
      "resolved": "https://registry.npmjs.org/@juicesharp/rpiv-ask-user-question/-/rpiv-ask-user-question-1.20.0.tgz",
      "integrity": "sha512-nccqKqeKoMDO9EZtAotyA/OkHBj+tl2jJBBSpP+1Ndyf7fnU592AO8Ax2Xk9VywHOYVz2X/66d/wC3oFUekV5Q==",
      "inBundle": true,
      "license": "MIT",
      "dependencies": {
        "@juicesharp/rpiv-config": "^1.20.0"
      },
      "peerDependencies": {
        "@earendil-works/pi-coding-agent": "*",
        "@earendil-works/pi-tui": "*",
        "@juicesharp/rpiv-i18n": "*",
        "typebox": "*"
      },
      "peerDependenciesMeta": {
        "@juicesharp/rpiv-i18n": {
          "optional": true
        }
      }
    },
    "node_modules/@juicesharp/rpiv-config": {
      "version": "1.20.0",
      "resolved": "https://registry.npmjs.org/@juicesharp/rpiv-config/-/rpiv-config-1.20.0.tgz",
      "integrity": "sha512-eu/sEBDt/+9kP40yCtlu04kRUxkQNaG1APzNIgnt5dGsualcwruedLWX9vtt0Fg4NSCAlNx5b2r9VjcWgAJirQ==",
      "inBundle": true,
      "license": "MIT",
      "peerDependencies": {
        "typebox": "*"
      }
    },
    "node_modules/@mixmark-io/domino": {
      "version": "2.2.0",
      "resolved": "https://registry.npmjs.org/@mixmark-io/domino/-/domino-2.2.0.tgz",
      "integrity": "sha512-Y28PR25bHXUg88kCV7nivXrP2Nj2RueZ3/l/jdx6J9f8J4nsEGcgX0Qe6lt7Pa+J79+kPiJU3LguR6O/6zrLOw==",
      "inBundle": true,
      "license": "BSD-2-Clause"
    },
    "node_modules/@mozilla/readability": {
      "version": "0.5.0",
      "resolved": "https://registry.npmjs.org/@mozilla/readability/-/readability-0.5.0.tgz",
      "integrity": "sha512-Z+CZ3QaosfFaTqvhQsIktyGrjFjSC0Fa4EMph4mqKnWhmyoGICsV/8QK+8HpXut6zV7zwfWwqDmEjtk1Qf6EgQ==",
      "inBundle": true,
      "license": "Apache-2.0",
      "engines": {
        "node": ">=14.0.0"
      }
    },
    "node_modules/boolbase": {
      "version": "1.0.0",
      "resolved": "https://registry.npmjs.org/boolbase/-/boolbase-1.0.0.tgz",
      "integrity": "sha512-JZOSA7Mo9sNGB8+UjSgzdLtokWAky1zbztM3WRLCbZ70/3cTANmQmOdR7y2g+J0e2WXywy1yS468tY+IruqEww==",
      "inBundle": true,
      "license": "ISC"
    },
    "node_modules/css-select": {
      "version": "5.2.2",
      "resolved": "https://registry.npmjs.org/css-select/-/css-select-5.2.2.tgz",
      "integrity": "sha512-TizTzUddG/xYLA3NXodFM0fSbNizXjOKhqiQQwvhlspadZokn1KDy0NZFS0wuEubIYAV5/c1/lAr0TaaFXEXzw==",
      "inBundle": true,
      "license": "BSD-2-Clause",
      "dependencies": {
        "boolbase": "^1.0.0",
        "css-what": "^6.1.0",
        "domhandler": "^5.0.2",
        "domutils": "^3.0.1",
        "nth-check": "^2.0.1"
      },
      "funding": {
        "url": "https://github.com/sponsors/fb55"
      }
    },
    "node_modules/css-what": {
      "version": "6.2.2",
      "resolved": "https://registry.npmjs.org/css-what/-/css-what-6.2.2.tgz",
      "integrity": "sha512-u/O3vwbptzhMs3L1fQE82ZSLHQQfto5gyZzwteVIEyeaY5Fc7R4dapF/BvRoSYFeqfBk4m0V1Vafq5Pjv25wvA==",
      "inBundle": true,
      "license": "BSD-2-Clause",
      "engines": {
        "node": ">= 6"
      },
      "funding": {
        "url": "https://github.com/sponsors/fb55"
      }
    },
    "node_modules/cssom": {
      "version": "0.5.0",
      "resolved": "https://registry.npmjs.org/cssom/-/cssom-0.5.0.tgz",
      "integrity": "sha512-iKuQcq+NdHqlAcwUY0o/HL69XQrUaQdMjmStJ8JFmUaiiQErlhrmuigkg/CU4E2J0IyUKUrMAgl36TvN67MqTw==",
      "inBundle": true,
      "license": "MIT"
    },
    "node_modules/dom-serializer": {
      "version": "2.0.0",
      "resolved": "https://registry.npmjs.org/dom-serializer/-/dom-serializer-2.0.0.tgz",
      "integrity": "sha512-wIkAryiqt/nV5EQKqQpo3SToSOV9J0DnbJqwK7Wv/Trc92zIAYZ4FlMu+JPFW1DfGFt81ZTCGgDEabffXeLyJg==",
      "inBundle": true,
      "license": "MIT",
      "dependencies": {
        "domelementtype": "^2.3.0",
        "domhandler": "^5.0.2",
        "entities": "^4.2.0"
      },
      "funding": {
        "url": "https://github.com/cheeriojs/dom-serializer?sponsor=1"
      }
    },
    "node_modules/domelementtype": {
      "version": "2.3.0",
      "resolved": "https://registry.npmjs.org/domelementtype/-/domelementtype-2.3.0.tgz",
      "integrity": "sha512-OLETBj6w0OsagBwdXnPdN0cnMfF9opN69co+7ZrbfPGrdpPVNBUj02spi6B1N7wChLQiPn4CSH/zJvXw56gmHw==",
      "funding": [
        {
          "type": "github",
          "url": "https://github.com/sponsors/fb55"
        }
      ],
      "inBundle": true,
      "license": "BSD-2-Clause"
    },
    "node_modules/domhandler": {
      "version": "5.0.3",
      "resolved": "https://registry.npmjs.org/domhandler/-/domhandler-5.0.3.tgz",
      "integrity": "sha512-cgwlv/1iFQiFnU96XXgROh8xTeetsnJiDsTc7TYCLFd9+/WNkIqPTxiM/8pSd8VIrhXGTf1Ny1q1hquVqDJB5w==",
      "inBundle": true,
      "license": "BSD-2-Clause",
      "dependencies": {
        "domelementtype": "^2.3.0"
      },
      "engines": {
        "node": ">= 4"
      },
      "funding": {
        "url": "https://github.com/fb55/domhandler?sponsor=1"
      }
    },
    "node_modules/domutils": {
      "version": "3.2.2",
      "resolved": "https://registry.npmjs.org/domutils/-/domutils-3.2.2.tgz",
      "integrity": "sha512-6kZKyUajlDuqlHKVX1w7gyslj9MPIXzIFiz/rGu35uC1wMi+kMhQwGhl4lt9unC9Vb9INnY9Z3/ZA3+FhASLaw==",
      "inBundle": true,
      "license": "BSD-2-Clause",
      "dependencies": {
        "dom-serializer": "^2.0.0",
        "domelementtype": "^2.3.0",
        "domhandler": "^5.0.3"
      },
      "funding": {
        "url": "https://github.com/fb55/domutils?sponsor=1"
      }
    },
    "node_modules/entities": {
      "version": "4.5.0",
      "resolved": "https://registry.npmjs.org/entities/-/entities-4.5.0.tgz",
      "integrity": "sha512-V0hjH4dGPh9Ao5p0MoRY6BVqtwCjhz6vI5LT8AJ55H+4g9/4vbHx1I54fS0XuclLhDHArPQCiMjDxjaL8fPxhw==",
      "inBundle": true,
      "license": "BSD-2-Clause",
      "engines": {
        "node": ">=0.12"
      },
      "funding": {
        "url": "https://github.com/fb55/entities?sponsor=1"
      }
    },
    "node_modules/get-east-asian-width": {
      "version": "1.6.0",
      "resolved": "https://registry.npmjs.org/get-east-asian-width/-/get-east-asian-width-1.6.0.tgz",
      "integrity": "sha512-QRbvDIbx6YklUe6RxeTeleMR0yv3cYH6PsPZHcnVn7xv7zO1BHN8r0XETu8n6Ye3Q+ahtSarc3WgtNWmehIBfA==",
      "inBundle": true,
      "license": "MIT",
      "engines": {
        "node": ">=18"
      },
      "funding": {
        "url": "https://github.com/sponsors/sindresorhus"
      }
    },
    "node_modules/html-escaper": {
      "version": "3.0.3",
      "resolved": "https://registry.npmjs.org/html-escaper/-/html-escaper-3.0.3.tgz",
      "integrity": "sha512-RuMffC89BOWQoY0WKGpIhn5gX3iI54O6nRA0yC124NYVtzjmFWBIiFd8M0x+ZdX0P9R4lADg1mgP8C7PxGOWuQ==",
      "inBundle": true,
      "license": "MIT"
    },
    "node_modules/htmlparser2": {
      "version": "9.1.0",
      "resolved": "https://registry.npmjs.org/htmlparser2/-/htmlparser2-9.1.0.tgz",
      "integrity": "sha512-5zfg6mHUoaer/97TxnGpxmbR7zJtPwIYFMZ/H5ucTlPZhKvtum05yiPK3Mgai3a0DyVxv7qYqoweaEd2nrYQzQ==",
      "funding": [
        "https://github.com/fb55/htmlparser2?sponsor=1",
        {
          "type": "github",
          "url": "https://github.com/sponsors/fb55"
        }
      ],
      "inBundle": true,
      "license": "MIT",
      "dependencies": {
        "domelementtype": "^2.3.0",
        "domhandler": "^5.0.3",
        "domutils": "^3.1.0",
        "entities": "^4.5.0"
      }
    },
    "node_modules/jiti": {
      "version": "2.7.0",
      "resolved": "https://registry.npmjs.org/jiti/-/jiti-2.7.0.tgz",
      "integrity": "sha512-AC/7JofJvZGrrneWNaEnJeOLUx+JlGt7tNa0wZiRPT4MY1wmfKjt2+6O2p2uz2+skll8OZZmJMNqeke7kKbNgQ==",
      "inBundle": true,
      "license": "MIT",
      "bin": {
        "jiti": "lib/jiti-cli.mjs"
      }
    },
    "node_modules/koffi": {
      "version": "2.16.2",
      "resolved": "https://registry.npmjs.org/koffi/-/koffi-2.16.2.tgz",
      "integrity": "sha512-owU0MRwv6xkrVqCd+33uw6BaYppkTRXbO/rVdJNI2dvZG0gzyRhYwW25eWtc5pauwK8TGh3AbkFONSezdykfSA==",
      "hasInstallScript": true,
      "inBundle": true,
      "license": "MIT",
      "optional": true,
      "funding": {
        "url": "https://liberapay.com/Koromix"
      }
    },
    "node_modules/linkedom": {
      "version": "0.16.11",
      "resolved": "https://registry.npmjs.org/linkedom/-/linkedom-0.16.11.tgz",
      "integrity": "sha512-WgaTVbj7itjyXTsCvgerpneERXShcnNJF5VIV+/4SLtyRLN+HppPre/WDHRofAr2IpEuujSNgJbCBd5lMl6lRw==",
      "inBundle": true,
      "license": "ISC",
      "dependencies": {
        "css-select": "^5.1.0",
        "cssom": "^0.5.0",
        "html-escaper": "^3.0.3",
        "htmlparser2": "^9.1.0",
        "uhyphen": "^0.2.0"
      }
    },
    "node_modules/marked": {
      "version": "15.0.12",
      "resolved": "https://registry.npmjs.org/marked/-/marked-15.0.12.tgz",
      "integrity": "sha512-8dD6FusOQSrpv9Z1rdNMdlSgQOIP880DHqnohobOmYLElGEqAL/JvxvuxZO16r4HtjTlfPRDC1hbvxC9dPN2nA==",
      "inBundle": true,
      "license": "MIT",
      "bin": {
        "marked": "bin/marked.js"
      },
      "engines": {
        "node": ">= 18"
      }
    },
    "node_modules/nth-check": {
      "version": "2.1.1",
      "resolved": "https://registry.npmjs.org/nth-check/-/nth-check-2.1.1.tgz",
      "integrity": "sha512-lqjrjmaOoAnWfMmBPL+XNnynZh2+swxiX3WUE0s4yEHI6m+AwrK2UZOimIRl3X/4QctVqS8AiZjFqyOGrMXb/w==",
      "inBundle": true,
      "license": "BSD-2-Clause",
      "dependencies": {
        "boolbase": "^1.0.0"
      },
      "funding": {
        "url": "https://github.com/fb55/nth-check?sponsor=1"
      }
    },
    "node_modules/p-limit": {
      "version": "6.2.0",
      "resolved": "https://registry.npmjs.org/p-limit/-/p-limit-6.2.0.tgz",
      "integrity": "sha512-kuUqqHNUqoIWp/c467RI4X6mmyuojY5jGutNU0wVTmEOOfcuwLqyMVoAi9MKi2Ak+5i9+nhmrK4ufZE8069kHA==",
      "inBundle": true,
      "license": "MIT",
      "dependencies": {
        "yocto-queue": "^1.1.1"
      },
      "engines": {
        "node": ">=18"
      },
      "funding": {
        "url": "https://github.com/sponsors/sindresorhus"
      }
    },
    "node_modules/pi-powerline-footer": {
      "version": "0.6.1",
      "resolved": "https://registry.npmjs.org/pi-powerline-footer/-/pi-powerline-footer-0.6.1.tgz",
      "integrity": "sha512-bQrpHw/6Zm3vBcQjuatDD69K6UgNrc9WxxnQsJXMQpdnv4lSeMaf6ZrRtK1l14NhSfvA1SlCdframJkz3q3hlg==",
      "inBundle": true,
      "license": "MIT",
      "peerDependencies": {
        "@earendil-works/pi-ai": ">=0.74.0 <0.77.0",
        "@earendil-works/pi-coding-agent": ">=0.74.0 <0.77.0",
        "@earendil-works/pi-tui": ">=0.74.0 <0.77.0"
      }
    },
    "node_modules/pi-simplify": {
      "version": "0.2.2",
      "resolved": "https://registry.npmjs.org/pi-simplify/-/pi-simplify-0.2.2.tgz",
      "integrity": "sha512-Y6+czXZpiioY9tbV83G/EHZOn2iMveBBYFss/JyCnZ6cbxSxOh1UPn1Z+KvNfQEXj+Ozv3vPpGog3sMaHD8iRQ==",
      "inBundle": true,
      "license": "MIT",
      "engines": {
        "node": ">=18"
      },
      "peerDependencies": {
        "@earendil-works/pi-ai": ">=0.74.0 <0.76.0",
        "@earendil-works/pi-coding-agent": ">=0.74.0 <0.76.0",
        "@earendil-works/pi-tui": ">=0.74.0 <0.76.0",
        "@sinclair/typebox": "^0.34.0"
      }
    },
    "node_modules/pi-subagents": {
      "version": "0.28.0",
      "resolved": "https://registry.npmjs.org/pi-subagents/-/pi-subagents-0.28.0.tgz",
      "integrity": "sha512-EWgQphVqH7BWJFNiWdyOCa8uqwr/aWkm9OyhItFiIJfpmdY4mGUlZ2VK1z3UP6XfVAmidtGd0MsnyhuFTxAm0A==",
      "inBundle": true,
      "license": "MIT",
      "dependencies": {
        "@earendil-works/pi-tui": "^0.74.0",
        "jiti": "^2.7.0",
        "typebox": "^1.1.24"
      },
      "bin": {
        "pi-subagents": "install.mjs"
      },
      "peerDependencies": {
        "@earendil-works/pi-agent-core": "*",
        "@earendil-works/pi-ai": "*",
        "@earendil-works/pi-coding-agent": "*"
      },
      "peerDependenciesMeta": {
        "@earendil-works/pi-agent-core": {
          "optional": true
        },
        "@earendil-works/pi-ai": {
          "optional": true
        },
        "@earendil-works/pi-coding-agent": {
          "optional": true
        }
      }
    },
    "node_modules/pi-web-access": {
      "version": "0.10.7",
      "resolved": "https://registry.npmjs.org/pi-web-access/-/pi-web-access-0.10.7.tgz",
      "integrity": "sha512-HbRN2dMGpgvtUrpTI4EEWKXDs/miZ+9s9ZOQl4uj9tb4NhRYTuXNrztrUAD1PPNP5XkFi0vosUwz7GbGGchZSw==",
      "inBundle": true,
      "license": "MIT",
      "dependencies": {
        "@mozilla/readability": "^0.5.0",
        "linkedom": "^0.16.0",
        "p-limit": "^6.1.0",
        "turndown": "^7.2.0",
        "unpdf": "^1.6.2"
      }
    },
    "node_modules/turndown": {
      "version": "7.2.4",
      "resolved": "https://registry.npmjs.org/turndown/-/turndown-7.2.4.tgz",
      "integrity": "sha512-I8yFsfRzmzK0WV1pNNOA4A7y4RDfFxPRxb3t+e3ui14qSGOxGtiSP6GjeX+Y6CHb7HYaFj7ECUD7VE5kQMZWGQ==",
      "inBundle": true,
      "license": "MIT",
      "dependencies": {
        "@mixmark-io/domino": "^2.2.0"
      },
      "engines": {
        "node": ">=18",
        "npm": ">=9"
      }
    },
    "node_modules/typebox": {
      "version": "1.2.11",
      "resolved": "https://registry.npmjs.org/typebox/-/typebox-1.2.11.tgz",
      "integrity": "sha512-0WPn8EoKHPZiACD/mgU+TY+SP7kn5S3pPmeoOBXhkwqkX/W4XyRLfYrDC8Nnhf23OhRf+yMe/atZtyiOLbgSVg==",
      "inBundle": true,
      "license": "MIT"
    },
    "node_modules/uhyphen": {
      "version": "0.2.0",
      "resolved": "https://registry.npmjs.org/uhyphen/-/uhyphen-0.2.0.tgz",
      "integrity": "sha512-qz3o9CHXmJJPGBdqzab7qAYuW8kQGKNEuoHFYrBwV6hWIMcpAmxDLXojcHfFr9US1Pe6zUswEIJIbLI610fuqA==",
      "inBundle": true,
      "license": "ISC"
    },
    "node_modules/unpdf": {
      "version": "1.6.2",
      "resolved": "https://registry.npmjs.org/unpdf/-/unpdf-1.6.2.tgz",
      "integrity": "sha512-zQ80ySoPuPHOsvIoRp/nJyQt8TOUoTh1+WBCGcBvlddQNgKDLRwm0AY3x8Q35I7+kIiRSgqMx+Ma2pl9McIp7A==",
      "inBundle": true,
      "license": "MIT",
      "peerDependencies": {
        "@napi-rs/canvas": "^0.1.69"
      },
      "peerDependenciesMeta": {
        "@napi-rs/canvas": {
          "optional": true
        }
      }
    },
    "node_modules/yocto-queue": {
      "version": "1.2.2",
      "resolved": "https://registry.npmjs.org/yocto-queue/-/yocto-queue-1.2.2.tgz",
      "integrity": "sha512-4LCcse/U2MHZ63HAJVE+v71o7yOdIe4cZ70Wpf8D/IyjDKYQLV5GD46B+hSTjJsvV5PztjvHoU580EftxjDZFQ==",
      "inBundle": true,
      "license": "MIT",
      "engines": {
        "node": ">=12.20"
      },
      "funding": {
        "url": "https://github.com/sponsors/sindresorhus"
      }
    }
  }
}
