{
  "name": "generativist-pi",
  "version": "0.0.1",
  "lockfileVersion": 3,
  "requires": true,
  "packages": {
    "": {
      "name": "generativist-pi",
      "version": "0.0.1",
      "bundleDependencies": [
        "@juicesharp/rpiv-ask-user-question",
        "pi-powerline-footer"
      ],
      "license": "UNLICENSED",
      "dependencies": {
        "@juicesharp/rpiv-ask-user-question": "1.20.0",
        "pi-powerline-footer": "0.6.1"
      }
    },
    "node_modules/@juicesharp/rpiv-ask-user-question": {
      "version": "1.20.0",
      "resolved": "https://registry.npmjs.org/@juicesharp/rpiv-ask-user-question/-/rpiv-ask-user-question-1.20.0.tgz",
      "integrity": "sha512-nccqKqeKoMDO9EZtAotyA/OkHBj+tl2jJBBSpP+1Ndyf7fnU592AO8Ax2Xk9VywHOYVz2X/66d/wC3oFUekV5Q==",
      "inBundle": true,
      "license": "MIT",
      "dependencies": {
        "@juicesharp/rpiv-config": "^1.20.0"
      },
      "peerDependencies": {
        "@earendil-works/pi-coding-agent": "*",
        "@earendil-works/pi-tui": "*",
        "@juicesharp/rpiv-i18n": "*",
        "typebox": "*"
      },
      "peerDependenciesMeta": {
        "@juicesharp/rpiv-i18n": {
          "optional": true
        }
      }
    },
    "node_modules/@juicesharp/rpiv-config": {
      "version": "1.20.0",
      "resolved": "https://registry.npmjs.org/@juicesharp/rpiv-config/-/rpiv-config-1.20.0.tgz",
      "integrity": "sha512-eu/sEBDt/+9kP40yCtlu04kRUxkQNaG1APzNIgnt5dGsualcwruedLWX9vtt0Fg4NSCAlNx5b2r9VjcWgAJirQ==",
      "inBundle": true,
      "license": "MIT",
      "peerDependencies": {
        "typebox": "*"
      }
    },
    "node_modules/pi-powerline-footer": {
      "version": "0.6.1",
      "resolved": "https://registry.npmjs.org/pi-powerline-footer/-/pi-powerline-footer-0.6.1.tgz",
      "integrity": "sha512-bQrpHw/6Zm3vBcQjuatDD69K6UgNrc9WxxnQsJXMQpdnv4lSeMaf6ZrRtK1l14NhSfvA1SlCdframJkz3q3hlg==",
      "inBundle": true,
      "license": "MIT",
      "peerDependencies": {
        "@earendil-works/pi-ai": ">=0.74.0 <0.77.0",
        "@earendil-works/pi-coding-agent": ">=0.74.0 <0.77.0",
        "@earendil-works/pi-tui": ">=0.74.0 <0.77.0"
      }
    }
  }
}
