{
  "name": "generativist-pi",
  "version": "0.1.0",
  "lockfileVersion": 3,
  "requires": true,
  "packages": {
    "": {
      "name": "generativist-pi",
      "version": "0.1.0",
      "bundleDependencies": [
        "@juicesharp/rpiv-ask-user-question",
        "pi-powerline-footer",
        "pi-simplify",
        "pi-subagents"
      ],
      "license": "UNLICENSED",
      "dependencies": {
        "@juicesharp/rpiv-ask-user-question": "1.20.0",
        "pi-powerline-footer": "0.6.1",
        "pi-simplify": "0.2.2",
        "pi-subagents": "0.28.0"
      }
    },
    "node_modules/@earendil-works/pi-tui": {
      "version": "0.74.2",
      "resolved": "https://registry.npmjs.org/@earendil-works/pi-tui/-/pi-tui-0.74.2.tgz",
      "integrity": "sha512-valQPz74qbdydRqII6t9rJ46YANMOOJeDhKm25a1ZrWvWwdjAaAEu6s3ur/LWz84Wkkwcbub2ZkVjzCZi8gFGA==",
      "inBundle": true,
      "license": "MIT",
      "dependencies": {
        "get-east-asian-width": "^1.3.0",
        "marked": "^15.0.12"
      },
      "engines": {
        "node": ">=20.0.0"
      },
      "optionalDependencies": {
        "koffi": "^2.9.0"
      }
    },
    "node_modules/@juicesharp/rpiv-ask-user-question": {
      "version": "1.20.0",
      "resolved": "https://registry.npmjs.org/@juicesharp/rpiv-ask-user-question/-/rpiv-ask-user-question-1.20.0.tgz",
      "integrity": "sha512-nccqKqeKoMDO9EZtAotyA/OkHBj+tl2jJBBSpP+1Ndyf7fnU592AO8Ax2Xk9VywHOYVz2X/66d/wC3oFUekV5Q==",
      "inBundle": true,
      "license": "MIT",
      "dependencies": {
        "@juicesharp/rpiv-config": "^1.20.0"
      },
      "peerDependencies": {
        "@earendil-works/pi-coding-agent": "*",
        "@earendil-works/pi-tui": "*",
        "@juicesharp/rpiv-i18n": "*",
        "typebox": "*"
      },
      "peerDependenciesMeta": {
        "@juicesharp/rpiv-i18n": {
          "optional": true
        }
      }
    },
    "node_modules/@juicesharp/rpiv-config": {
      "version": "1.20.0",
      "resolved": "https://registry.npmjs.org/@juicesharp/rpiv-config/-/rpiv-config-1.20.0.tgz",
      "integrity": "sha512-eu/sEBDt/+9kP40yCtlu04kRUxkQNaG1APzNIgnt5dGsualcwruedLWX9vtt0Fg4NSCAlNx5b2r9VjcWgAJirQ==",
      "inBundle": true,
      "license": "MIT",
      "peerDependencies": {
        "typebox": "*"
      }
    },
    "node_modules/get-east-asian-width": {
      "version": "1.6.0",
      "resolved": "https://registry.npmjs.org/get-east-asian-width/-/get-east-asian-width-1.6.0.tgz",
      "integrity": "sha512-QRbvDIbx6YklUe6RxeTeleMR0yv3cYH6PsPZHcnVn7xv7zO1BHN8r0XETu8n6Ye3Q+ahtSarc3WgtNWmehIBfA==",
      "inBundle": true,
      "license": "MIT",
      "engines": {
        "node": ">=18"
      },
      "funding": {
        "url": "https://github.com/sponsors/sindresorhus"
      }
    },
    "node_modules/jiti": {
      "version": "2.7.0",
      "resolved": "https://registry.npmjs.org/jiti/-/jiti-2.7.0.tgz",
      "integrity": "sha512-AC/7JofJvZGrrneWNaEnJeOLUx+JlGt7tNa0wZiRPT4MY1wmfKjt2+6O2p2uz2+skll8OZZmJMNqeke7kKbNgQ==",
      "inBundle": true,
      "license": "MIT",
      "bin": {
        "jiti": "lib/jiti-cli.mjs"
      }
    },
    "node_modules/koffi": {
      "version": "2.16.2",
      "resolved": "https://registry.npmjs.org/koffi/-/koffi-2.16.2.tgz",
      "integrity": "sha512-owU0MRwv6xkrVqCd+33uw6BaYppkTRXbO/rVdJNI2dvZG0gzyRhYwW25eWtc5pauwK8TGh3AbkFONSezdykfSA==",
      "hasInstallScript": true,
      "inBundle": true,
      "license": "MIT",
      "optional": true,
      "funding": {
        "url": "https://liberapay.com/Koromix"
      }
    },
    "node_modules/marked": {
      "version": "15.0.12",
      "resolved": "https://registry.npmjs.org/marked/-/marked-15.0.12.tgz",
      "integrity": "sha512-8dD6FusOQSrpv9Z1rdNMdlSgQOIP880DHqnohobOmYLElGEqAL/JvxvuxZO16r4HtjTlfPRDC1hbvxC9dPN2nA==",
      "inBundle": true,
      "license": "MIT",
      "bin": {
        "marked": "bin/marked.js"
      },
      "engines": {
        "node": ">= 18"
      }
    },
    "node_modules/pi-powerline-footer": {
      "version": "0.6.1",
      "resolved": "https://registry.npmjs.org/pi-powerline-footer/-/pi-powerline-footer-0.6.1.tgz",
      "integrity": "sha512-bQrpHw/6Zm3vBcQjuatDD69K6UgNrc9WxxnQsJXMQpdnv4lSeMaf6ZrRtK1l14NhSfvA1SlCdframJkz3q3hlg==",
      "inBundle": true,
      "license": "MIT",
      "peerDependencies": {
        "@earendil-works/pi-ai": ">=0.74.0 <0.77.0",
        "@earendil-works/pi-coding-agent": ">=0.74.0 <0.77.0",
        "@earendil-works/pi-tui": ">=0.74.0 <0.77.0"
      }
    },
    "node_modules/pi-simplify": {
      "version": "0.2.2",
      "resolved": "https://registry.npmjs.org/pi-simplify/-/pi-simplify-0.2.2.tgz",
      "integrity": "sha512-Y6+czXZpiioY9tbV83G/EHZOn2iMveBBYFss/JyCnZ6cbxSxOh1UPn1Z+KvNfQEXj+Ozv3vPpGog3sMaHD8iRQ==",
      "inBundle": true,
      "license": "MIT",
      "engines": {
        "node": ">=18"
      },
      "peerDependencies": {
        "@earendil-works/pi-ai": ">=0.74.0 <0.76.0",
        "@earendil-works/pi-coding-agent": ">=0.74.0 <0.76.0",
        "@earendil-works/pi-tui": ">=0.74.0 <0.76.0",
        "@sinclair/typebox": "^0.34.0"
      }
    },
    "node_modules/pi-subagents": {
      "version": "0.28.0",
      "resolved": "https://registry.npmjs.org/pi-subagents/-/pi-subagents-0.28.0.tgz",
      "integrity": "sha512-EWgQphVqH7BWJFNiWdyOCa8uqwr/aWkm9OyhItFiIJfpmdY4mGUlZ2VK1z3UP6XfVAmidtGd0MsnyhuFTxAm0A==",
      "inBundle": true,
      "license": "MIT",
      "dependencies": {
        "@earendil-works/pi-tui": "^0.74.0",
        "jiti": "^2.7.0",
        "typebox": "^1.1.24"
      },
      "bin": {
        "pi-subagents": "install.mjs"
      },
      "peerDependencies": {
        "@earendil-works/pi-agent-core": "*",
        "@earendil-works/pi-ai": "*",
        "@earendil-works/pi-coding-agent": "*"
      },
      "peerDependenciesMeta": {
        "@earendil-works/pi-agent-core": {
          "optional": true
        },
        "@earendil-works/pi-ai": {
          "optional": true
        },
        "@earendil-works/pi-coding-agent": {
          "optional": true
        }
      }
    },
    "node_modules/typebox": {
      "version": "1.2.11",
      "resolved": "https://registry.npmjs.org/typebox/-/typebox-1.2.11.tgz",
      "integrity": "sha512-0WPn8EoKHPZiACD/mgU+TY+SP7kn5S3pPmeoOBXhkwqkX/W4XyRLfYrDC8Nnhf23OhRf+yMe/atZtyiOLbgSVg==",
      "inBundle": true,
      "license": "MIT"
    }
  }
}
